{
  "name": "vant-weapp",
  "version": "1.0.0",
  "lockfileVersion": 2,
  "requires": true,
  "packages": {
    "": {
      "name": "vant-weapp",
      "version": "1.0.0",
      "license": "ISC",
      "dependencies": {
        "@vant/weapp": "^1.10.23",
        "coolui-scroller": "^3.3.2"
      }
    },
    "node_modules/@vant/weapp": {
      "version": "1.10.23",
      "resolved": "https://registry.npmjs.org/@vant/weapp/-/weapp-1.10.23.tgz",
      "integrity": "sha512-Lqlc0oT89AxR8e4uLmP59xkI1KkWSTWKWV9kXM17CJz55eL0fPMo5jd0d132KpcfRmiwIOVr7TwK8u8v6XIhlg=="
    },
    "node_modules/coolui-scroller": {
      "version": "3.3.2",
      "resolved": "https://registry.npmjs.org/coolui-scroller/-/coolui-scroller-3.3.2.tgz",
      "integrity": "sha512-u9Y3lhdIWy96RsvVx0DQ/MInTLUgybW+imB7Trq3V6GQG/RwxrYO2M+VNnJKOiCaaHdejMTOJvsj7xOXqLLdww=="
    }
  },
  "dependencies": {
    "@vant/weapp": {
      "version": "1.10.23",
      "resolved": "https://registry.npmjs.org/@vant/weapp/-/weapp-1.10.23.tgz",
      "integrity": "sha512-Lqlc0oT89AxR8e4uLmP59xkI1KkWSTWKWV9kXM17CJz55eL0fPMo5jd0d132KpcfRmiwIOVr7TwK8u8v6XIhlg=="
    },
    "coolui-scroller": {
      "version": "3.3.2",
      "resolved": "https://registry.npmjs.org/coolui-scroller/-/coolui-scroller-3.3.2.tgz",
      "integrity": "sha512-u9Y3lhdIWy96RsvVx0DQ/MInTLUgybW+imB7Trq3V6GQG/RwxrYO2M+VNnJKOiCaaHdejMTOJvsj7xOXqLLdww=="
    }
  }
}
